
Microsoft Visual Studio Solution File, Format Version 12.00
# Visual Studio Version 17
VisualStudioVersion = 17.4.33213.308
MinimumVisualStudioVersion = 10.0.40219.1
Project("{FAE04EC0-301F-11D3-BF4B-00C04F79EFBC}") = "FunctionTest", "FunctionTest\FunctionTest.csproj", "{492A1CF7-281B-44D6-A8C9-40969CEAB4D0}"
EndProject
Project("{FAE04EC0-301F-11D3-BF4B-00C04F79EFBC}") = "ClassTest", "ClassTest\ClassTest.csproj", "{F3C83269-64BD-4519-A898-76C36FFF60B6}"
EndProject
Project("{FAE04EC0-301F-11D3-BF4B-00C04F79EFBC}") = "ArraystackTest", "ArraystackTest\ArraystackTest.csproj", "{E96EC8E9-A9CB-4E96-B4CD-A58E66A48AAD}"
EndProject
Global
	GlobalSection(SolutionConfigurationPlatforms) = preSolution
		Debug|Any CPU = Debug|Any CPU
		Release|Any CPU = Release|Any CPU
	EndGlobalSection
	GlobalSection(ProjectConfigurationPlatforms) = postSolution
		{492A1CF7-281B-44D6-A8C9-40969CEAB4D0}.Debug|Any CPU.ActiveCfg = Debug|Any CPU
		{492A1CF7-281B-44D6-A8C9-40969CEAB4D0}.Debug|Any CPU.Build.0 = Debug|Any CPU
		{492A1CF7-281B-44D6-A8C9-40969CEAB4D0}.Release|Any CPU.ActiveCfg = Release|Any CPU
		{492A1CF7-281B-44D6-A8C9-40969CEAB4D0}.Release|Any CPU.Build.0 = Release|Any CPU
		{F3C83269-64BD-4519-A898-76C36FFF60B6}.Debug|Any CPU.ActiveCfg = Debug|Any CPU
		{F3C83269-64BD-4519-A898-76C36FFF60B6}.Debug|Any CPU.Build.0 = Debug|Any CPU
		{F3C83269-64BD-4519-A898-76C36FFF60B6}.Release|Any CPU.ActiveCfg = Release|Any CPU
		{F3C83269-64BD-4519-A898-76C36FFF60B6}.Release|Any CPU.Build.0 = Release|Any CPU
		{E96EC8E9-A9CB-4E96-B4CD-A58E66A48AAD}.Debug|Any CPU.ActiveCfg = Debug|Any CPU
		{E96EC8E9-A9CB-4E96-B4CD-A58E66A48AAD}.Debug|Any CPU.Build.0 = Debug|Any CPU
		{E96EC8E9-A9CB-4E96-B4CD-A58E66A48AAD}.Release|Any CPU.ActiveCfg = Release|Any CPU
		{E96EC8E9-A9CB-4E96-B4CD-A58E66A48AAD}.Release|Any CPU.Build.0 = Release|Any CPU
	EndGlobalSection
	GlobalSection(SolutionProperties) = preSolution
		HideSolutionNode = FALSE
	EndGlobalSection
	GlobalSection(ExtensibilityGlobals) = postSolution
		SolutionGuid = {B2E68C95-A477-41AF-975F-0F251C878D2B}
	EndGlobalSection
EndGlobal
